
Microsoft Visual Studio Solution File, Format Version 12.00
# Visual Studio Version 17
VisualStudioVersion = 17.12.35527.113 d17.12
MinimumVisualStudioVersion = 10.0.40219.1
Project("{FAE04EC0-301F-11D3-BF4B-00C04F79EFBC}") = "TeacherPortal", "TeacherPortal.csproj", "{F175DE34-4576-41D8-901F-FAEE5A2BDC4E}"
EndProject
Global
	GlobalSection(SolutionConfigurationPlatforms) = preSolution
		Debug|Any CPU = Debug|Any CPU
		Release|Any CPU = Release|Any CPU
	EndGlobalSection
	GlobalSection(ProjectConfigurationPlatforms) = postSolution
		{F175DE34-4576-41D8-901F-FAEE5A2BDC4E}.Debug|Any CPU.ActiveCfg = Debug|Any CPU
		{F175DE34-4576-41D8-901F-FAEE5A2BDC4E}.Debug|Any CPU.Build.0 = Debug|Any CPU
		{F175DE34-4576-41D8-901F-FAEE5A2BDC4E}.Release|Any CPU.ActiveCfg = Release|Any CPU
		{F175DE34-4576-41D8-901F-FAEE5A2BDC4E}.Release|Any CPU.Build.0 = Release|Any CPU
	EndGlobalSection
	GlobalSection(SolutionProperties) = preSolution
		HideSolutionNode = FALSE
	EndGlobalSection
EndGlobal
